
Terraform used the selected providers to generate the following execution
plan. Resource actions are indicated with the following symbols:
  + create
  - destroy

Terraform will perform the following actions:

  # azurerm_storage_account.mystoragebox[0] will be created
  + resource "azurerm_storage_account" "mystoragebox" {
      + access_tier                        = (known after apply)
      + account_kind                       = "StorageV2"
      + account_replication_type           = "GRS"
      + account_tier                       = "Standard"
      + allow_nested_items_to_be_public    = true
      + cross_tenant_replication_enabled   = false
      + default_to_oauth_authentication    = false
      + dns_endpoint_type                  = "Standard"
      + https_traffic_only_enabled         = true
      + id                                 = (known after apply)
      + infrastructure_encryption_enabled  = false
      + is_hns_enabled                     = false
      + large_file_share_enabled           = (known after apply)
      + local_user_enabled                 = true
      + location                           = "eastus"
      + min_tls_version                    = "TLS1_2"
      + name                               = "myboxmwdqj54e2aphe2v3"
      + nfsv3_enabled                      = false
      + primary_access_key                 = (sensitive value)
      + primary_blob_connection_string     = (sensitive value)
      + primary_blob_endpoint              = (known after apply)
      + primary_blob_host                  = (known after apply)
      + primary_blob_internet_endpoint     = (known after apply)
      + primary_blob_internet_host         = (known after apply)
      + primary_blob_microsoft_endpoint    = (known after apply)
      + primary_blob_microsoft_host        = (known after apply)
      + primary_connection_string          = (sensitive value)
      + primary_dfs_endpoint               = (known after apply)
      + primary_dfs_host                   = (known after apply)
      + primary_dfs_internet_endpoint      = (known after apply)
      + primary_dfs_internet_host          = (known after apply)
      + primary_dfs_microsoft_endpoint     = (known after apply)
      + primary_dfs_microsoft_host         = (known after apply)
      + primary_file_endpoint              = (known after apply)
      + primary_file_host                  = (known after apply)
      + primary_file_internet_endpoint     = (known after apply)
      + primary_file_internet_host         = (known after apply)
      + primary_file_microsoft_endpoint    = (known after apply)
      + primary_file_microsoft_host        = (known after apply)
      + primary_location                   = (known after apply)
      + primary_queue_endpoint             = (known after apply)
      + primary_queue_host                 = (known after apply)
      + primary_queue_microsoft_endpoint   = (known after apply)
      + primary_queue_microsoft_host       = (known after apply)
      + primary_table_endpoint             = (known after apply)
      + primary_table_host                 = (known after apply)
      + primary_table_microsoft_endpoint   = (known after apply)
      + primary_table_microsoft_host       = (known after apply)
      + primary_web_endpoint               = (known after apply)
      + primary_web_host                   = (known after apply)
      + primary_web_internet_endpoint      = (known after apply)
      + primary_web_internet_host          = (known after apply)
      + primary_web_microsoft_endpoint     = (known after apply)
      + primary_web_microsoft_host         = (known after apply)
      + public_network_access_enabled      = true
      + queue_encryption_key_type          = "Service"
      + resource_group_name                = "Terraform_RG"
      + secondary_access_key               = (sensitive value)
      + secondary_blob_connection_string   = (sensitive value)
      + secondary_blob_endpoint            = (known after apply)
      + secondary_blob_host                = (known after apply)
      + secondary_blob_internet_endpoint   = (known after apply)
      + secondary_blob_internet_host       = (known after apply)
      + secondary_blob_microsoft_endpoint  = (known after apply)
      + secondary_blob_microsoft_host      = (known after apply)
      + secondary_connection_string        = (sensitive value)
      + secondary_dfs_endpoint             = (known after apply)
      + secondary_dfs_host                 = (known after apply)
      + secondary_dfs_internet_endpoint    = (known after apply)
      + secondary_dfs_internet_host        = (known after apply)
      + secondary_dfs_microsoft_endpoint   = (known after apply)
      + secondary_dfs_microsoft_host       = (known after apply)
      + secondary_file_endpoint            = (known after apply)
      + secondary_file_host                = (known after apply)
      + secondary_file_internet_endpoint   = (known after apply)
      + secondary_file_internet_host       = (known after apply)
      + secondary_file_microsoft_endpoint  = (known after apply)
      + secondary_file_microsoft_host      = (known after apply)
      + secondary_location                 = (known after apply)
      + secondary_queue_endpoint           = (known after apply)
      + secondary_queue_host               = (known after apply)
      + secondary_queue_microsoft_endpoint = (known after apply)
      + secondary_queue_microsoft_host     = (known after apply)
      + secondary_table_endpoint           = (known after apply)
      + secondary_table_host               = (known after apply)
      + secondary_table_microsoft_endpoint = (known after apply)
      + secondary_table_microsoft_host     = (known after apply)
      + secondary_web_endpoint             = (known after apply)
      + secondary_web_host                 = (known after apply)
      + secondary_web_internet_endpoint    = (known after apply)
      + secondary_web_internet_host        = (known after apply)
      + secondary_web_microsoft_endpoint   = (known after apply)
      + secondary_web_microsoft_host       = (known after apply)
      + sftp_enabled                       = false
      + shared_access_key_enabled          = true
      + table_encryption_key_type          = "Service"

      + blob_properties (known after apply)

      + network_rules (known after apply)

      + queue_properties (known after apply)

      + routing (known after apply)

      + share_properties (known after apply)

      + static_website (known after apply)
    }

  # azurerm_storage_account.mystoragebox[1] will be destroyed
  # (because index [1] is out of range for count)
  - resource "azurerm_storage_account" "mystoragebox" {
      - access_tier                        = "Hot" -> null
      - account_kind                       = "StorageV2" -> null
      - account_replication_type           = "GRS" -> null
      - account_tier                       = "Standard" -> null
      - allow_nested_items_to_be_public    = true -> null
      - cross_tenant_replication_enabled   = false -> null
      - default_to_oauth_authentication    = false -> null
      - dns_endpoint_type                  = "Standard" -> null
      - https_traffic_only_enabled         = true -> null
      - id                                 = "/subscriptions/6f180745-72fe-4d40-ab64-b5afa1295c01/resourceGroups/Terraform_RG/providers/Microsoft.Storage/storageAccounts/myboxcm8166khybwo3v7v" -> null
      - infrastructure_encryption_enabled  = false -> null
      - is_hns_enabled                     = false -> null
      - large_file_share_enabled           = false -> null
      - local_user_enabled                 = true -> null
      - location                           = "eastus" -> null
      - min_tls_version                    = "TLS1_2" -> null
      - name                               = "myboxcm8166khybwo3v7v" -> null
      - nfsv3_enabled                      = false -> null
      - primary_access_key                 = (sensitive value) -> null
      - primary_blob_connection_string     = (sensitive value) -> null
      - primary_blob_endpoint              = "https://myboxcm8166khybwo3v7v.blob.core.windows.net/" -> null
      - primary_blob_host                  = "myboxcm8166khybwo3v7v.blob.core.windows.net" -> null
      - primary_connection_string          = (sensitive value) -> null
      - primary_dfs_endpoint               = "https://myboxcm8166khybwo3v7v.dfs.core.windows.net/" -> null
      - primary_dfs_host                   = "myboxcm8166khybwo3v7v.dfs.core.windows.net" -> null
      - primary_file_endpoint              = "https://myboxcm8166khybwo3v7v.file.core.windows.net/" -> null
      - primary_file_host                  = "myboxcm8166khybwo3v7v.file.core.windows.net" -> null
      - primary_location                   = "eastus" -> null
      - primary_queue_endpoint             = "https://myboxcm8166khybwo3v7v.queue.core.windows.net/" -> null
      - primary_queue_host                 = "myboxcm8166khybwo3v7v.queue.core.windows.net" -> null
      - primary_table_endpoint             = "https://myboxcm8166khybwo3v7v.table.core.windows.net/" -> null
      - primary_table_host                 = "myboxcm8166khybwo3v7v.table.core.windows.net" -> null
      - primary_web_endpoint               = "https://myboxcm8166khybwo3v7v.z13.web.core.windows.net/" -> null
      - primary_web_host                   = "myboxcm8166khybwo3v7v.z13.web.core.windows.net" -> null
      - public_network_access_enabled      = true -> null
      - queue_encryption_key_type          = "Service" -> null
      - resource_group_name                = "Terraform_RG" -> null
      - secondary_access_key               = (sensitive value) -> null
      - secondary_connection_string        = (sensitive value) -> null
      - secondary_location                 = "westus" -> null
      - sftp_enabled                       = false -> null
      - shared_access_key_enabled          = true -> null
      - table_encryption_key_type          = "Service" -> null
        # (56 unchanged attributes hidden)

      - blob_properties {
          - change_feed_enabled           = false -> null
          - change_feed_retention_in_days = 0 -> null
          - last_access_time_enabled      = false -> null
          - versioning_enabled            = false -> null
            # (1 unchanged attribute hidden)
        }

      - queue_properties {
          - hour_metrics {
              - enabled               = false -> null
              - include_apis          = false -> null
              - retention_policy_days = 0 -> null
              - version               = "1.0" -> null
            }
          - logging {
              - delete                = false -> null
              - read                  = false -> null
              - retention_policy_days = 0 -> null
              - version               = "1.0" -> null
              - write                 = false -> null
            }
          - minute_metrics {
              - enabled               = false -> null
              - include_apis          = false -> null
              - retention_policy_days = 0 -> null
              - version               = "1.0" -> null
            }
        }

      - share_properties {
          - retention_policy {
              - days = 7 -> null
            }
        }
    }

  # random_string.storage_account_name_unique[1] will be destroyed
  # (because index [1] is out of range for count)
  - resource "random_string" "storage_account_name_unique" {
      - id          = "cm8166khybwo3v7v" -> null
      - length      = 16 -> null
      - lower       = true -> null
      - min_lower   = 0 -> null
      - min_numeric = 0 -> null
      - min_special = 0 -> null
      - min_upper   = 0 -> null
      - number      = true -> null
      - numeric     = true -> null
      - result      = "cm8166khybwo3v7v" -> null
      - special     = false -> null
      - upper       = false -> null
    }

Plan: 1 to add, 0 to change, 2 to destroy.
